
Microsoft Visual Studio Solution File, Format Version 12.00
# Visual Studio Version 17
VisualStudioVersion = 17.8.34525.116
MinimumVisualStudioVersion = 10.0.40219.1
Project("{FAE04EC0-301F-11D3-BF4B-00C04F79EFBC}") = "CalculatorApp", "CalculatorApp.csproj", "{BD76737C-BF23-463D-B577-205B2439D213}"
EndProject
Global
	GlobalSection(SolutionConfigurationPlatforms) = preSolution
		Debug|Any CPU = Debug|Any CPU
		Release|Any CPU = Release|Any CPU
	EndGlobalSection
	GlobalSection(ProjectConfigurationPlatforms) = postSolution
		{BD76737C-BF23-463D-B577-205B2439D213}.Debug|Any CPU.ActiveCfg = Debug|Any CPU
		{BD76737C-BF23-463D-B577-205B2439D213}.Debug|Any CPU.Build.0 = Debug|Any CPU
		{BD76737C-BF23-463D-B577-205B2439D213}.Debug|Any CPU.Deploy.0 = Debug|Any CPU
		{BD76737C-BF23-463D-B577-205B2439D213}.Release|Any CPU.ActiveCfg = Release|Any CPU
		{BD76737C-BF23-463D-B577-205B2439D213}.Release|Any CPU.Build.0 = Release|Any CPU
		{BD76737C-BF23-463D-B577-205B2439D213}.Release|Any CPU.Deploy.0 = Release|Any CPU
	EndGlobalSection
	GlobalSection(SolutionProperties) = preSolution
		HideSolutionNode = FALSE
	EndGlobalSection
	GlobalSection(ExtensibilityGlobals) = postSolution
		SolutionGuid = {4E8081C1-9DC8-4303-A073-464241197931}
	EndGlobalSection
EndGlobal
